{"filter":false,"title":"package-lock.json","tooltip":"/Backend/webbook/views/package-lock.json","undoManager":{"mark":-1,"position":-1,"stack":[]},"ace":{"folds":[],"scrolltop":910,"scrollleft":0,"selection":{"start":{"row":0,"column":0},"end":{"row":0,"column":0},"isBackwards":false},"options":{"guessTabSize":true,"useWrapMode":false,"wrapToView":true},"firstLineState":{"row":49,"state":"start","mode":"ace/mode/json"}},"timestamp":1607206568505,"hash":"8a2181c4e36b3dc1e5cc1574afeb183b74801e80"}