{"filter":false,"title":"package-lock.json","tooltip":"/Frontend/Backoffice/startbootstrap-sb-admin-gh-pages/package-lock.json","undoManager":{"mark":-1,"position":-1,"stack":[]},"ace":{"folds":[],"scrolltop":0,"scrollleft":0,"selection":{"start":{"row":0,"column":0},"end":{"row":0,"column":0},"isBackwards":false},"options":{"guessTabSize":true,"useWrapMode":false,"wrapToView":true},"firstLineState":0},"timestamp":1606083828120,"hash":"92996a191920bd25bcb4e1447ef13a2ace6df408"}