{"filter":false,"title":"package-lock.json","tooltip":"/Frontend/startbootstrap-scrolling-nav-gh-pages/package-lock.json","undoManager":{"mark":-1,"position":-1,"stack":[]},"ace":{"folds":[],"scrolltop":1652.5,"scrollleft":0,"selection":{"start":{"row":127,"column":47},"end":{"row":127,"column":47},"isBackwards":false},"options":{"guessTabSize":true,"useWrapMode":false,"wrapToView":true},"firstLineState":0},"timestamp":1605889451895,"hash":"fdcbef13c28aad3e9ee5e4bc82a2e7c936af3dd4"}