{"filter":false,"title":"package-lock.json","tooltip":"/TestesBE/Teste2/Teste4/html/package-lock.json","undoManager":{"mark":-1,"position":-1,"stack":[]},"ace":{"folds":[],"scrolltop":0,"scrollleft":0,"selection":{"start":{"row":0,"column":0},"end":{"row":0,"column":0},"isBackwards":false},"options":{"guessTabSize":true,"useWrapMode":false,"wrapToView":true},"firstLineState":0},"hash":"55ea8a6d94e2c2cff206643af57f20c6928af4b0","timestamp":1607468586996}