{"filter":false,"title":"package-lock.json","tooltip":"/https:/A MAIS/package-lock.json","undoManager":{"mark":-1,"position":-1,"stack":[]},"ace":{"folds":[],"scrolltop":1404.5,"scrollleft":0,"selection":{"start":{"row":0,"column":0},"end":{"row":0,"column":0},"isBackwards":false},"options":{"guessTabSize":true,"useWrapMode":false,"wrapToView":true},"firstLineState":{"row":77,"state":"start","mode":"ace/mode/json"}},"timestamp":1607082829326,"hash":"a83d55f0c686cccd9f5d6ce24d923405ba7a8353"}