{"filter":false,"title":"package-lock.json","tooltip":"/Frontend/Frontend/startbootstrap-scrolling-nav-gh-pages/package-lock.json","undoManager":{"mark":-1,"position":-1,"stack":[]},"ace":{"folds":[],"scrolltop":2727,"scrollleft":0,"selection":{"start":{"row":0,"column":0},"end":{"row":0,"column":0},"isBackwards":false},"options":{"guessTabSize":true,"useWrapMode":false,"wrapToView":true},"firstLineState":{"row":150,"state":"start","mode":"ace/mode/json"}},"timestamp":1607381650318,"hash":"a83d55f0c686cccd9f5d6ce24d923405ba7a8353"}